
Microsoft Visual Studio Solution File, Format Version 12.00
# Visual Studio Version 17
VisualStudioVersion = 17.0.32014.148
MinimumVisualStudioVersion = 10.0.40219.1
Project("{FAE04EC0-301F-11D3-BF4B-00C04F79EFBC}") = "HandlingExceptions", "HandlingExceptions\HandlingExceptions.csproj", "{FE57AE29-F130-4524-A3E7-F96699A4BC74}"
EndProject
Global
	GlobalSection(SolutionConfigurationPlatforms) = preSolution
		Debug|Any CPU = Debug|Any CPU
		Release|Any CPU = Release|Any CPU
	EndGlobalSection
	GlobalSection(ProjectConfigurationPlatforms) = postSolution
		{FE57AE29-F130-4524-A3E7-F96699A4BC74}.Debug|Any CPU.ActiveCfg = Debug|Any CPU
		{FE57AE29-F130-4524-A3E7-F96699A4BC74}.Debug|Any CPU.Build.0 = Debug|Any CPU
		{FE57AE29-F130-4524-A3E7-F96699A4BC74}.Release|Any CPU.ActiveCfg = Release|Any CPU
		{FE57AE29-F130-4524-A3E7-F96699A4BC74}.Release|Any CPU.Build.0 = Release|Any CPU
	EndGlobalSection
	GlobalSection(SolutionProperties) = preSolution
		HideSolutionNode = FALSE
	EndGlobalSection
	GlobalSection(ExtensibilityGlobals) = postSolution
		SolutionGuid = {7EDAD0CB-674E-41FF-AB15-DAB4267CC315}
	EndGlobalSection
EndGlobal
