
Microsoft Visual Studio Solution File, Format Version 12.00
# Visual Studio Version 17
VisualStudioVersion = 17.0.32014.148
MinimumVisualStudioVersion = 10.0.40219.1
Project("{FAE04EC0-301F-11D3-BF4B-00C04F79EFBC}") = "phonebook interface", "phonebook interface\phonebook interface.csproj", "{472FE550-8531-4603-B6A4-DBE8F1DCDFFF}"
EndProject
Global
	GlobalSection(SolutionConfigurationPlatforms) = preSolution
		Debug|Any CPU = Debug|Any CPU
		Release|Any CPU = Release|Any CPU
	EndGlobalSection
	GlobalSection(ProjectConfigurationPlatforms) = postSolution
		{472FE550-8531-4603-B6A4-DBE8F1DCDFFF}.Debug|Any CPU.ActiveCfg = Debug|Any CPU
		{472FE550-8531-4603-B6A4-DBE8F1DCDFFF}.Debug|Any CPU.Build.0 = Debug|Any CPU
		{472FE550-8531-4603-B6A4-DBE8F1DCDFFF}.Release|Any CPU.ActiveCfg = Release|Any CPU
		{472FE550-8531-4603-B6A4-DBE8F1DCDFFF}.Release|Any CPU.Build.0 = Release|Any CPU
	EndGlobalSection
	GlobalSection(SolutionProperties) = preSolution
		HideSolutionNode = FALSE
	EndGlobalSection
	GlobalSection(ExtensibilityGlobals) = postSolution
		SolutionGuid = {7B397EF6-402A-4B7E-BE2C-AC244BC85EEF}
	EndGlobalSection
EndGlobal
