
Microsoft Visual Studio Solution File, Format Version 12.00
# Visual Studio Version 17
VisualStudioVersion = 17.0.32014.148
MinimumVisualStudioVersion = 10.0.40219.1
Project("{FAE04EC0-301F-11D3-BF4B-00C04F79EFBC}") = "Array And List", "Array And List\Array And List.csproj", "{363559F3-CD9B-42BC-A9B2-24E5C415EECA}"
EndProject
Global
	GlobalSection(SolutionConfigurationPlatforms) = preSolution
		Debug|Any CPU = Debug|Any CPU
		Release|Any CPU = Release|Any CPU
	EndGlobalSection
	GlobalSection(ProjectConfigurationPlatforms) = postSolution
		{363559F3-CD9B-42BC-A9B2-24E5C415EECA}.Debug|Any CPU.ActiveCfg = Debug|Any CPU
		{363559F3-CD9B-42BC-A9B2-24E5C415EECA}.Debug|Any CPU.Build.0 = Debug|Any CPU
		{363559F3-CD9B-42BC-A9B2-24E5C415EECA}.Release|Any CPU.ActiveCfg = Release|Any CPU
		{363559F3-CD9B-42BC-A9B2-24E5C415EECA}.Release|Any CPU.Build.0 = Release|Any CPU
	EndGlobalSection
	GlobalSection(SolutionProperties) = preSolution
		HideSolutionNode = FALSE
	EndGlobalSection
	GlobalSection(ExtensibilityGlobals) = postSolution
		SolutionGuid = {72CF6E24-EBA8-4529-B1F9-FAF2CE65CA9E}
	EndGlobalSection
EndGlobal
