
Microsoft Visual Studio Solution File, Format Version 12.00
# Visual Studio Version 17
VisualStudioVersion = 17.0.32014.148
MinimumVisualStudioVersion = 10.0.40219.1
Project("{FAE04EC0-301F-11D3-BF4B-00C04F79EFBC}") = "Files In C-Sharp", "Files In C-Sharp\Files In C-Sharp.csproj", "{AF3928F5-4A81-4CB5-AC18-494DD8FC6867}"
EndProject
Global
	GlobalSection(SolutionConfigurationPlatforms) = preSolution
		Debug|Any CPU = Debug|Any CPU
		Release|Any CPU = Release|Any CPU
	EndGlobalSection
	GlobalSection(ProjectConfigurationPlatforms) = postSolution
		{AF3928F5-4A81-4CB5-AC18-494DD8FC6867}.Debug|Any CPU.ActiveCfg = Debug|Any CPU
		{AF3928F5-4A81-4CB5-AC18-494DD8FC6867}.Debug|Any CPU.Build.0 = Debug|Any CPU
		{AF3928F5-4A81-4CB5-AC18-494DD8FC6867}.Release|Any CPU.ActiveCfg = Release|Any CPU
		{AF3928F5-4A81-4CB5-AC18-494DD8FC6867}.Release|Any CPU.Build.0 = Release|Any CPU
	EndGlobalSection
	GlobalSection(SolutionProperties) = preSolution
		HideSolutionNode = FALSE
	EndGlobalSection
	GlobalSection(ExtensibilityGlobals) = postSolution
		SolutionGuid = {885F51F2-66D3-40D4-85EB-B20D74FDA0F7}
	EndGlobalSection
EndGlobal
