
Microsoft Visual Studio Solution File, Format Version 12.00
# Visual Studio Version 17
VisualStudioVersion = 17.0.32014.148
MinimumVisualStudioVersion = 10.0.40219.1
Project("{FAE04EC0-301F-11D3-BF4B-00C04F79EFBC}") = "library without class", "library without class\library without class.csproj", "{AD547F94-C210-41C8-A90B-0BE0E9815BAC}"
EndProject
Global
	GlobalSection(SolutionConfigurationPlatforms) = preSolution
		Debug|Any CPU = Debug|Any CPU
		Release|Any CPU = Release|Any CPU
	EndGlobalSection
	GlobalSection(ProjectConfigurationPlatforms) = postSolution
		{AD547F94-C210-41C8-A90B-0BE0E9815BAC}.Debug|Any CPU.ActiveCfg = Debug|Any CPU
		{AD547F94-C210-41C8-A90B-0BE0E9815BAC}.Debug|Any CPU.Build.0 = Debug|Any CPU
		{AD547F94-C210-41C8-A90B-0BE0E9815BAC}.Release|Any CPU.ActiveCfg = Release|Any CPU
		{AD547F94-C210-41C8-A90B-0BE0E9815BAC}.Release|Any CPU.Build.0 = Release|Any CPU
	EndGlobalSection
	GlobalSection(SolutionProperties) = preSolution
		HideSolutionNode = FALSE
	EndGlobalSection
	GlobalSection(ExtensibilityGlobals) = postSolution
		SolutionGuid = {7DE74139-1739-49B9-9023-96FA1DBD2798}
	EndGlobalSection
EndGlobal
