
Microsoft Visual Studio Solution File, Format Version 12.00
# Visual Studio Version 17
VisualStudioVersion = 17.0.32014.148
MinimumVisualStudioVersion = 10.0.40219.1
Project("{FAE04EC0-301F-11D3-BF4B-00C04F79EFBC}") = "PHONEBOOK ASSIGNMENT", "PHONEBOOK ASSIGNMENT\PHONEBOOK ASSIGNMENT.csproj", "{8564F3D7-3962-453F-8B16-861B68C2E3CF}"
EndProject
Global
	GlobalSection(SolutionConfigurationPlatforms) = preSolution
		Debug|Any CPU = Debug|Any CPU
		Release|Any CPU = Release|Any CPU
	EndGlobalSection
	GlobalSection(ProjectConfigurationPlatforms) = postSolution
		{8564F3D7-3962-453F-8B16-861B68C2E3CF}.Debug|Any CPU.ActiveCfg = Debug|Any CPU
		{8564F3D7-3962-453F-8B16-861B68C2E3CF}.Debug|Any CPU.Build.0 = Debug|Any CPU
		{8564F3D7-3962-453F-8B16-861B68C2E3CF}.Release|Any CPU.ActiveCfg = Release|Any CPU
		{8564F3D7-3962-453F-8B16-861B68C2E3CF}.Release|Any CPU.Build.0 = Release|Any CPU
	EndGlobalSection
	GlobalSection(SolutionProperties) = preSolution
		HideSolutionNode = FALSE
	EndGlobalSection
	GlobalSection(ExtensibilityGlobals) = postSolution
		SolutionGuid = {E6E93820-5094-41AB-BA55-0C13073A5143}
	EndGlobalSection
EndGlobal
