
Microsoft Visual Studio Solution File, Format Version 12.00
# Visual Studio Version 17
VisualStudioVersion = 17.0.32014.148
MinimumVisualStudioVersion = 10.0.40219.1
Project("{FAE04EC0-301F-11D3-BF4B-00C04F79EFBC}") = "inheritance", "inheritance\inheritance.csproj", "{A5C995AB-862D-4B30-AE95-0F0DC0D8739D}"
EndProject
Global
	GlobalSection(SolutionConfigurationPlatforms) = preSolution
		Debug|Any CPU = Debug|Any CPU
		Release|Any CPU = Release|Any CPU
	EndGlobalSection
	GlobalSection(ProjectConfigurationPlatforms) = postSolution
		{A5C995AB-862D-4B30-AE95-0F0DC0D8739D}.Debug|Any CPU.ActiveCfg = Debug|Any CPU
		{A5C995AB-862D-4B30-AE95-0F0DC0D8739D}.Debug|Any CPU.Build.0 = Debug|Any CPU
		{A5C995AB-862D-4B30-AE95-0F0DC0D8739D}.Release|Any CPU.ActiveCfg = Release|Any CPU
		{A5C995AB-862D-4B30-AE95-0F0DC0D8739D}.Release|Any CPU.Build.0 = Release|Any CPU
	EndGlobalSection
	GlobalSection(SolutionProperties) = preSolution
		HideSolutionNode = FALSE
	EndGlobalSection
	GlobalSection(ExtensibilityGlobals) = postSolution
		SolutionGuid = {8A30E42C-B23D-40F9-8FCB-20C3E7FF3BB7}
	EndGlobalSection
EndGlobal
