
Microsoft Visual Studio Solution File, Format Version 12.00
# Visual Studio Version 17
VisualStudioVersion = 17.0.32014.148
MinimumVisualStudioVersion = 10.0.40219.1
Project("{FAE04EC0-301F-11D3-BF4B-00C04F79EFBC}") = "FileMoverApp", "Files In C Sharp Project\FileMoverApp.csproj", "{69312394-86CF-4DF5-B8C1-AFEB93E898E7}"
EndProject
Global
	GlobalSection(SolutionConfigurationPlatforms) = preSolution
		Debug|Any CPU = Debug|Any CPU
		Release|Any CPU = Release|Any CPU
	EndGlobalSection
	GlobalSection(ProjectConfigurationPlatforms) = postSolution
		{69312394-86CF-4DF5-B8C1-AFEB93E898E7}.Debug|Any CPU.ActiveCfg = Debug|Any CPU
		{69312394-86CF-4DF5-B8C1-AFEB93E898E7}.Debug|Any CPU.Build.0 = Debug|Any CPU
		{69312394-86CF-4DF5-B8C1-AFEB93E898E7}.Release|Any CPU.ActiveCfg = Release|Any CPU
		{69312394-86CF-4DF5-B8C1-AFEB93E898E7}.Release|Any CPU.Build.0 = Release|Any CPU
	EndGlobalSection
	GlobalSection(SolutionProperties) = preSolution
		HideSolutionNode = FALSE
	EndGlobalSection
	GlobalSection(ExtensibilityGlobals) = postSolution
		SolutionGuid = {EF9E861B-1054-47BC-BD86-6DF0AA3B304E}
	EndGlobalSection
EndGlobal
