
Microsoft Visual Studio Solution File, Format Version 12.00
# Visual Studio Version 17
VisualStudioVersion = 17.0.32014.148
MinimumVisualStudioVersion = 10.0.40219.1
Project("{FAE04EC0-301F-11D3-BF4B-00C04F79EFBC}") = "SCRAMBLE APP", "SCRAMBLE APP\SCRAMBLE APP.csproj", "{1E04A36B-BA1D-4B1C-A76D-03E9F341B45F}"
EndProject
Global
	GlobalSection(SolutionConfigurationPlatforms) = preSolution
		Debug|Any CPU = Debug|Any CPU
		Release|Any CPU = Release|Any CPU
	EndGlobalSection
	GlobalSection(ProjectConfigurationPlatforms) = postSolution
		{1E04A36B-BA1D-4B1C-A76D-03E9F341B45F}.Debug|Any CPU.ActiveCfg = Debug|Any CPU
		{1E04A36B-BA1D-4B1C-A76D-03E9F341B45F}.Debug|Any CPU.Build.0 = Debug|Any CPU
		{1E04A36B-BA1D-4B1C-A76D-03E9F341B45F}.Release|Any CPU.ActiveCfg = Release|Any CPU
		{1E04A36B-BA1D-4B1C-A76D-03E9F341B45F}.Release|Any CPU.Build.0 = Release|Any CPU
	EndGlobalSection
	GlobalSection(SolutionProperties) = preSolution
		HideSolutionNode = FALSE
	EndGlobalSection
	GlobalSection(ExtensibilityGlobals) = postSolution
		SolutionGuid = {D52CED5C-BD8C-495F-AF0C-079FB5EF9AF6}
	EndGlobalSection
EndGlobal
