
Microsoft Visual Studio Solution File, Format Version 12.00
# Visual Studio Version 17
VisualStudioVersion = 17.0.32014.148
MinimumVisualStudioVersion = 10.0.40219.1
Project("{FAE04EC0-301F-11D3-BF4B-00C04F79EFBC}") = "CBT APP2", "CBT APP2\CBT APP2.csproj", "{2CAAC898-5943-48F9-A7FD-F90CA23C3813}"
EndProject
Global
	GlobalSection(SolutionConfigurationPlatforms) = preSolution
		Debug|Any CPU = Debug|Any CPU
		Release|Any CPU = Release|Any CPU
	EndGlobalSection
	GlobalSection(ProjectConfigurationPlatforms) = postSolution
		{2CAAC898-5943-48F9-A7FD-F90CA23C3813}.Debug|Any CPU.ActiveCfg = Debug|Any CPU
		{2CAAC898-5943-48F9-A7FD-F90CA23C3813}.Debug|Any CPU.Build.0 = Debug|Any CPU
		{2CAAC898-5943-48F9-A7FD-F90CA23C3813}.Release|Any CPU.ActiveCfg = Release|Any CPU
		{2CAAC898-5943-48F9-A7FD-F90CA23C3813}.Release|Any CPU.Build.0 = Release|Any CPU
	EndGlobalSection
	GlobalSection(SolutionProperties) = preSolution
		HideSolutionNode = FALSE
	EndGlobalSection
	GlobalSection(ExtensibilityGlobals) = postSolution
		SolutionGuid = {123AF902-AF13-48BB-B950-46D0D161AF96}
	EndGlobalSection
EndGlobal
