
Microsoft Visual Studio Solution File, Format Version 12.00
# Visual Studio Version 17
VisualStudioVersion = 17.0.32014.148
MinimumVisualStudioVersion = 10.0.40219.1
Project("{FAE04EC0-301F-11D3-BF4B-00C04F79EFBC}") = "METHOD 2", "METHOD 2\METHOD 2.csproj", "{A1DED200-434E-46A2-AD2C-6F1494ADCA5A}"
EndProject
Global
	GlobalSection(SolutionConfigurationPlatforms) = preSolution
		Debug|Any CPU = Debug|Any CPU
		Release|Any CPU = Release|Any CPU
	EndGlobalSection
	GlobalSection(ProjectConfigurationPlatforms) = postSolution
		{A1DED200-434E-46A2-AD2C-6F1494ADCA5A}.Debug|Any CPU.ActiveCfg = Debug|Any CPU
		{A1DED200-434E-46A2-AD2C-6F1494ADCA5A}.Debug|Any CPU.Build.0 = Debug|Any CPU
		{A1DED200-434E-46A2-AD2C-6F1494ADCA5A}.Release|Any CPU.ActiveCfg = Release|Any CPU
		{A1DED200-434E-46A2-AD2C-6F1494ADCA5A}.Release|Any CPU.Build.0 = Release|Any CPU
	EndGlobalSection
	GlobalSection(SolutionProperties) = preSolution
		HideSolutionNode = FALSE
	EndGlobalSection
	GlobalSection(ExtensibilityGlobals) = postSolution
		SolutionGuid = {16B9FA70-ACF3-49A5-AF6E-D411F11EBC6D}
	EndGlobalSection
EndGlobal
