
Microsoft Visual Studio Solution File, Format Version 12.00
# Visual Studio Version 17
VisualStudioVersion = 17.0.32014.148
MinimumVisualStudioVersion = 10.0.40219.1
Project("{FAE04EC0-301F-11D3-BF4B-00C04F79EFBC}") = "CBT", "CBT\CBT.csproj", "{89528E5F-0764-497A-8197-AB89F7F930EB}"
EndProject
Global
	GlobalSection(SolutionConfigurationPlatforms) = preSolution
		Debug|Any CPU = Debug|Any CPU
		Release|Any CPU = Release|Any CPU
	EndGlobalSection
	GlobalSection(ProjectConfigurationPlatforms) = postSolution
		{89528E5F-0764-497A-8197-AB89F7F930EB}.Debug|Any CPU.ActiveCfg = Debug|Any CPU
		{89528E5F-0764-497A-8197-AB89F7F930EB}.Debug|Any CPU.Build.0 = Debug|Any CPU
		{89528E5F-0764-497A-8197-AB89F7F930EB}.Release|Any CPU.ActiveCfg = Release|Any CPU
		{89528E5F-0764-497A-8197-AB89F7F930EB}.Release|Any CPU.Build.0 = Release|Any CPU
	EndGlobalSection
	GlobalSection(SolutionProperties) = preSolution
		HideSolutionNode = FALSE
	EndGlobalSection
	GlobalSection(ExtensibilityGlobals) = postSolution
		SolutionGuid = {679548B9-0E96-4CDB-97B7-347266824C96}
	EndGlobalSection
EndGlobal
