
Microsoft Visual Studio Solution File, Format Version 12.00
# Visual Studio Version 17
VisualStudioVersion = 17.0.32014.148
MinimumVisualStudioVersion = 10.0.40219.1
Project("{9A19103F-16F7-4668-BE54-9A1E7A4F7556}") = "BankApp", "BankApp\BankApp.csproj", "{83FDBD7A-1A91-4060-B362-480ECB7FB024}"
EndProject
Global
	GlobalSection(SolutionConfigurationPlatforms) = preSolution
		Debug|Any CPU = Debug|Any CPU
		Release|Any CPU = Release|Any CPU
	EndGlobalSection
	GlobalSection(ProjectConfigurationPlatforms) = postSolution
		{83FDBD7A-1A91-4060-B362-480ECB7FB024}.Debug|Any CPU.ActiveCfg = Debug|Any CPU
		{83FDBD7A-1A91-4060-B362-480ECB7FB024}.Debug|Any CPU.Build.0 = Debug|Any CPU
		{83FDBD7A-1A91-4060-B362-480ECB7FB024}.Release|Any CPU.ActiveCfg = Release|Any CPU
		{83FDBD7A-1A91-4060-B362-480ECB7FB024}.Release|Any CPU.Build.0 = Release|Any CPU
	EndGlobalSection
	GlobalSection(SolutionProperties) = preSolution
		HideSolutionNode = FALSE
	EndGlobalSection
	GlobalSection(ExtensibilityGlobals) = postSolution
		SolutionGuid = {F904B27F-823B-42E7-8197-DB0B0CF67749}
	EndGlobalSection
EndGlobal
